
Microsoft Visual Studio Solution File, Format Version 12.00
# Visual Studio Version 17
VisualStudioVersion = 17.2.32602.215
MinimumVisualStudioVersion = 10.0.40219.1
Project("{FAE04EC0-301F-11D3-BF4B-00C04F79EFBC}") = "NNLib", "NNLib\NNLib.csproj", "{9B8CA396-23EE-47E0-8158-BEAD2B95F059}"
EndProject
Global
	GlobalSection(SolutionConfigurationPlatforms) = preSolution
		Debug|Any CPU = Debug|Any CPU
		Release|Any CPU = Release|Any CPU
	EndGlobalSection
	GlobalSection(ProjectConfigurationPlatforms) = postSolution
		{9B8CA396-23EE-47E0-8158-BEAD2B95F059}.Debug|Any CPU.ActiveCfg = Debug|Any CPU
		{9B8CA396-23EE-47E0-8158-BEAD2B95F059}.Debug|Any CPU.Build.0 = Debug|Any CPU
		{9B8CA396-23EE-47E0-8158-BEAD2B95F059}.Release|Any CPU.ActiveCfg = Release|Any CPU
		{9B8CA396-23EE-47E0-8158-BEAD2B95F059}.Release|Any CPU.Build.0 = Release|Any CPU
	EndGlobalSection
	GlobalSection(SolutionProperties) = preSolution
		HideSolutionNode = FALSE
	EndGlobalSection
	GlobalSection(ExtensibilityGlobals) = postSolution
		SolutionGuid = {AFB09338-B8DD-427B-BE11-C4009A53FF94}
	EndGlobalSection
EndGlobal
